
Microsoft Visual Studio Solution File, Format Version 12.00
# Visual Studio Version 17
VisualStudioVersion = 17.0.31903.59
MinimumVisualStudioVersion = 10.0.40219.1
Project("{2150E333-8FDC-42A3-9474-1A3956D46DE8}") = "src", "src", "{827E0CD3-B72D-47B6-A68D-7590B98EB39B}"
EndProject
Project("{FAE04EC0-301F-11D3-BF4B-00C04F79EFBC}") = "KuberManager.Service", "src\KuberManager.Service\KuberManager.Service.csproj", "{9463FE09-E14C-42C7-8978-1A922F933A4A}"
EndProject
Project("{FAE04EC0-301F-11D3-BF4B-00C04F79EFBC}") = "KuberManager.Contracts", "src\KuberManager.Contracts\KuberManager.Contracts.csproj", "{19ADD649-90B5-41B7-B6B7-D36EAC0785D3}"
EndProject
Project("{2150E333-8FDC-42A3-9474-1A3956D46DE8}") = "tests", "tests", "{0AB3BF05-4346-4AA6-1389-037BE0695223}"
EndProject
Project("{FAE04EC0-301F-11D3-BF4B-00C04F79EFBC}") = "KuberManager.Service.Tests", "tests\KuberManager.Service.Tests\KuberManager.Service.Tests.csproj", "{8CB44B9A-B0CD-41E5-9C17-98D4BF155A5D}"
EndProject
Project("{FAE04EC0-301F-11D3-BF4B-00C04F79EFBC}") = "KuberManager.TestClient", "src\KuberManager.TestClient\KuberManager.TestClient.csproj", "{51CCD30E-8D96-4A03-8B0D-ADD21515DC97}"
EndProject
Global
	GlobalSection(SolutionConfigurationPlatforms) = preSolution
		Debug|Any CPU = Debug|Any CPU
		Debug|x64 = Debug|x64
		Debug|x86 = Debug|x86
		Release|Any CPU = Release|Any CPU
		Release|x64 = Release|x64
		Release|x86 = Release|x86
	EndGlobalSection
	GlobalSection(ProjectConfigurationPlatforms) = postSolution
		{9463FE09-E14C-42C7-8978-1A922F933A4A}.Debug|Any CPU.ActiveCfg = Debug|Any CPU
		{9463FE09-E14C-42C7-8978-1A922F933A4A}.Debug|Any CPU.Build.0 = Debug|Any CPU
		{9463FE09-E14C-42C7-8978-1A922F933A4A}.Debug|x64.ActiveCfg = Debug|Any CPU
		{9463FE09-E14C-42C7-8978-1A922F933A4A}.Debug|x64.Build.0 = Debug|Any CPU
		{9463FE09-E14C-42C7-8978-1A922F933A4A}.Debug|x86.ActiveCfg = Debug|Any CPU
		{9463FE09-E14C-42C7-8978-1A922F933A4A}.Debug|x86.Build.0 = Debug|Any CPU
		{9463FE09-E14C-42C7-8978-1A922F933A4A}.Release|Any CPU.ActiveCfg = Release|Any CPU
		{9463FE09-E14C-42C7-8978-1A922F933A4A}.Release|Any CPU.Build.0 = Release|Any CPU
		{9463FE09-E14C-42C7-8978-1A922F933A4A}.Release|x64.ActiveCfg = Release|Any CPU
		{9463FE09-E14C-42C7-8978-1A922F933A4A}.Release|x64.Build.0 = Release|Any CPU
		{9463FE09-E14C-42C7-8978-1A922F933A4A}.Release|x86.ActiveCfg = Release|Any CPU
		{9463FE09-E14C-42C7-8978-1A922F933A4A}.Release|x86.Build.0 = Release|Any CPU
		{19ADD649-90B5-41B7-B6B7-D36EAC0785D3}.Debug|Any CPU.ActiveCfg = Debug|Any CPU
		{19ADD649-90B5-41B7-B6B7-D36EAC0785D3}.Debug|Any CPU.Build.0 = Debug|Any CPU
		{19ADD649-90B5-41B7-B6B7-D36EAC0785D3}.Debug|x64.ActiveCfg = Debug|Any CPU
		{19ADD649-90B5-41B7-B6B7-D36EAC0785D3}.Debug|x64.Build.0 = Debug|Any CPU
		{19ADD649-90B5-41B7-B6B7-D36EAC0785D3}.Debug|x86.ActiveCfg = Debug|Any CPU
		{19ADD649-90B5-41B7-B6B7-D36EAC0785D3}.Debug|x86.Build.0 = Debug|Any CPU
		{19ADD649-90B5-41B7-B6B7-D36EAC0785D3}.Release|Any CPU.ActiveCfg = Release|Any CPU
		{19ADD649-90B5-41B7-B6B7-D36EAC0785D3}.Release|Any CPU.Build.0 = Release|Any CPU
		{19ADD649-90B5-41B7-B6B7-D36EAC0785D3}.Release|x64.ActiveCfg = Release|Any CPU
		{19ADD649-90B5-41B7-B6B7-D36EAC0785D3}.Release|x64.Build.0 = Release|Any CPU
		{19ADD649-90B5-41B7-B6B7-D36EAC0785D3}.Release|x86.ActiveCfg = Release|Any CPU
		{19ADD649-90B5-41B7-B6B7-D36EAC0785D3}.Release|x86.Build.0 = Release|Any CPU
		{8CB44B9A-B0CD-41E5-9C17-98D4BF155A5D}.Debug|Any CPU.ActiveCfg = Debug|Any CPU
		{8CB44B9A-B0CD-41E5-9C17-98D4BF155A5D}.Debug|Any CPU.Build.0 = Debug|Any CPU
		{8CB44B9A-B0CD-41E5-9C17-98D4BF155A5D}.Debug|x64.ActiveCfg = Debug|Any CPU
		{8CB44B9A-B0CD-41E5-9C17-98D4BF155A5D}.Debug|x64.Build.0 = Debug|Any CPU
		{8CB44B9A-B0CD-41E5-9C17-98D4BF155A5D}.Debug|x86.ActiveCfg = Debug|Any CPU
		{8CB44B9A-B0CD-41E5-9C17-98D4BF155A5D}.Debug|x86.Build.0 = Debug|Any CPU
		{8CB44B9A-B0CD-41E5-9C17-98D4BF155A5D}.Release|Any CPU.ActiveCfg = Release|Any CPU
		{8CB44B9A-B0CD-41E5-9C17-98D4BF155A5D}.Release|Any CPU.Build.0 = Release|Any CPU
		{8CB44B9A-B0CD-41E5-9C17-98D4BF155A5D}.Release|x64.ActiveCfg = Release|Any CPU
		{8CB44B9A-B0CD-41E5-9C17-98D4BF155A5D}.Release|x64.Build.0 = Release|Any CPU
		{8CB44B9A-B0CD-41E5-9C17-98D4BF155A5D}.Release|x86.ActiveCfg = Release|Any CPU
		{8CB44B9A-B0CD-41E5-9C17-98D4BF155A5D}.Release|x86.Build.0 = Release|Any CPU
		{51CCD30E-8D96-4A03-8B0D-ADD21515DC97}.Debug|Any CPU.ActiveCfg = Debug|Any CPU
		{51CCD30E-8D96-4A03-8B0D-ADD21515DC97}.Debug|Any CPU.Build.0 = Debug|Any CPU
		{51CCD30E-8D96-4A03-8B0D-ADD21515DC97}.Debug|x64.ActiveCfg = Debug|Any CPU
		{51CCD30E-8D96-4A03-8B0D-ADD21515DC97}.Debug|x64.Build.0 = Debug|Any CPU
		{51CCD30E-8D96-4A03-8B0D-ADD21515DC97}.Debug|x86.ActiveCfg = Debug|Any CPU
		{51CCD30E-8D96-4A03-8B0D-ADD21515DC97}.Debug|x86.Build.0 = Debug|Any CPU
		{51CCD30E-8D96-4A03-8B0D-ADD21515DC97}.Release|Any CPU.ActiveCfg = Release|Any CPU
		{51CCD30E-8D96-4A03-8B0D-ADD21515DC97}.Release|Any CPU.Build.0 = Release|Any CPU
		{51CCD30E-8D96-4A03-8B0D-ADD21515DC97}.Release|x64.ActiveCfg = Release|Any CPU
		{51CCD30E-8D96-4A03-8B0D-ADD21515DC97}.Release|x64.Build.0 = Release|Any CPU
		{51CCD30E-8D96-4A03-8B0D-ADD21515DC97}.Release|x86.ActiveCfg = Release|Any CPU
		{51CCD30E-8D96-4A03-8B0D-ADD21515DC97}.Release|x86.Build.0 = Release|Any CPU
	EndGlobalSection
	GlobalSection(SolutionProperties) = preSolution
		HideSolutionNode = FALSE
	EndGlobalSection
	GlobalSection(NestedProjects) = preSolution
		{9463FE09-E14C-42C7-8978-1A922F933A4A} = {827E0CD3-B72D-47B6-A68D-7590B98EB39B}
		{19ADD649-90B5-41B7-B6B7-D36EAC0785D3} = {827E0CD3-B72D-47B6-A68D-7590B98EB39B}
		{8CB44B9A-B0CD-41E5-9C17-98D4BF155A5D} = {0AB3BF05-4346-4AA6-1389-037BE0695223}
		{51CCD30E-8D96-4A03-8B0D-ADD21515DC97} = {827E0CD3-B72D-47B6-A68D-7590B98EB39B}
	EndGlobalSection
EndGlobal
